
Microsoft Visual Studio Solution File, Format Version 12.00
# Visual Studio Version 16
VisualStudioVersion = 16.0.30114.105
MinimumVisualStudioVersion = 10.0.40219.1
Project("{FAE04EC0-301F-11D3-BF4B-00C04F79EFBC}") = "Senac", "Senac\Senac.csproj", "{A4F5F240-0540-4B40-85B8-AA35DFCACA00}"
EndProject
Project("{FAE04EC0-301F-11D3-BF4B-00C04F79EFBC}") = "Senac.Tests", "Senac.Tests\Senac.Tests.csproj", "{744C45AC-6B4A-45A4-9B81-B1CCC5512C1C}"
EndProject
Global
	GlobalSection(SolutionConfigurationPlatforms) = preSolution
		Debug|Any CPU = Debug|Any CPU
		Release|Any CPU = Release|Any CPU
	EndGlobalSection
	GlobalSection(SolutionProperties) = preSolution
		HideSolutionNode = FALSE
	EndGlobalSection
	GlobalSection(ProjectConfigurationPlatforms) = postSolution
		{A4F5F240-0540-4B40-85B8-AA35DFCACA00}.Debug|Any CPU.ActiveCfg = Debug|Any CPU
		{A4F5F240-0540-4B40-85B8-AA35DFCACA00}.Debug|Any CPU.Build.0 = Debug|Any CPU
		{A4F5F240-0540-4B40-85B8-AA35DFCACA00}.Release|Any CPU.ActiveCfg = Release|Any CPU
		{A4F5F240-0540-4B40-85B8-AA35DFCACA00}.Release|Any CPU.Build.0 = Release|Any CPU
		{744C45AC-6B4A-45A4-9B81-B1CCC5512C1C}.Debug|Any CPU.ActiveCfg = Debug|Any CPU
		{744C45AC-6B4A-45A4-9B81-B1CCC5512C1C}.Debug|Any CPU.Build.0 = Debug|Any CPU
		{744C45AC-6B4A-45A4-9B81-B1CCC5512C1C}.Release|Any CPU.ActiveCfg = Release|Any CPU
		{744C45AC-6B4A-45A4-9B81-B1CCC5512C1C}.Release|Any CPU.Build.0 = Release|Any CPU
	EndGlobalSection
EndGlobal
